// !$*UTF8*$!
{
	archiveVersion = 1;
	classes = {
	};
	objectVersion = 56;
	objects = {

/* Begin PBXBuildFile section */
		1412CBEE2B5B078F00D69317 /* Protein_LabApp.swift in Sources */ = {isa = PBXBuildFile; fileRef = 1412CBED2B5B078F00D69317 /* Protein_LabApp.swift */; };
		1412CBF02B5B078F00D69317 /* ContentView.swift in Sources */ = {isa = PBXBuildFile; fileRef = 1412CBEF2B5B078F00D69317 /* ContentView.swift */; };
		1412CBF22B5B079000D69317 /* Assets.xcassets in Resources */ = {isa = PBXBuildFile; fileRef = 1412CBF12B5B079000D69317 /* Assets.xcassets */; };
		1412CBF52B5B079000D69317 /* Preview Assets.xcassets in Resources */ = {isa = PBXBuildFile; fileRef = 1412CBF42B5B079000D69317 /* Preview Assets.xcassets */; };
		1412CC022B5DD9D000D69317 /* OnboardingView.swift in Sources */ = {isa = PBXBuildFile; fileRef = 1412CC012B5DD9D000D69317 /* OnboardingView.swift */; };
		1412CC042B5DDA2D00D69317 /* Constants.swift in Sources */ = {isa = PBXBuildFile; fileRef = 1412CC032B5DDA2D00D69317 /* Constants.swift */; };
		1412CC092B5E591600D69317 /* HomeView.swift in Sources */ = {isa = PBXBuildFile; fileRef = 1412CC082B5E591600D69317 /* HomeView.swift */; };
		1412CC0B2B5E591E00D69317 /* MenuView.swift in Sources */ = {isa = PBXBuildFile; fileRef = 1412CC0A2B5E591E00D69317 /* MenuView.swift */; };
		1412CC0D2B5E592500D69317 /* WalletView.swift in Sources */ = {isa = PBXBuildFile; fileRef = 1412CC0C2B5E592500D69317 /* WalletView.swift */; };
		1412CC0F2B5E592C00D69317 /* AccountView.swift in Sources */ = {isa = PBXBuildFile; fileRef = 1412CC0E2B5E592C00D69317 /* AccountView.swift */; };
		1412CC2D2B69C15C00D69317 /* OnboardingPageView.swift in Sources */ = {isa = PBXBuildFile; fileRef = 1412CC2C2B69C15C00D69317 /* OnboardingPageView.swift */; };
		1412CC2F2B69CAE100D69317 /* PaginationIndexDisplay.swift in Sources */ = {isa = PBXBuildFile; fileRef = 1412CC2E2B69CAE100D69317 /* PaginationIndexDisplay.swift */; };
		1412CC352B6BDEA300D69317 /* AnimationModifiers.swift in Sources */ = {isa = PBXBuildFile; fileRef = 1412CC342B6BDEA300D69317 /* AnimationModifiers.swift */; };
		1412CC372B6C650E00D69317 /* ViewModifiers.swift in Sources */ = {isa = PBXBuildFile; fileRef = 1412CC362B6C650E00D69317 /* ViewModifiers.swift */; };
		14244A122B70592500EF0466 /* News.swift in Sources */ = {isa = PBXBuildFile; fileRef = 14244A112B70592500EF0466 /* News.swift */; };
		14244A142B70653800EF0466 /* HomeCardView.swift in Sources */ = {isa = PBXBuildFile; fileRef = 14244A132B70653800EF0466 /* HomeCardView.swift */; };
		14244A172B71842E00EF0466 /* CircularLoader.swift in Sources */ = {isa = PBXBuildFile; fileRef = 14244A162B71842E00EF0466 /* CircularLoader.swift */; };
		14244A332B71897F00EF0466 /* IconButton.swift in Sources */ = {isa = PBXBuildFile; fileRef = 14244A322B71897F00EF0466 /* IconButton.swift */; };
/* End PBXBuildFile section */

/* Begin PBXFileReference section */
		1412CBEA2B5B078F00D69317 /* Protein Lab.app */ = {isa = PBXFileReference; explicitFileType = wrapper.application; includeInIndex = 0; path = "Protein Lab.app"; sourceTree = BUILT_PRODUCTS_DIR; };
		1412CBED2B5B078F00D69317 /* Protein_LabApp.swift */ = {isa = PBXFileReference; lastKnownFileType = sourcecode.swift; path = Protein_LabApp.swift; sourceTree = "<group>"; };
		1412CBEF2B5B078F00D69317 /* ContentView.swift */ = {isa = PBXFileReference; lastKnownFileType = sourcecode.swift; path = ContentView.swift; sourceTree = "<group>"; };
		1412CBF12B5B079000D69317 /* Assets.xcassets */ = {isa = PBXFileReference; lastKnownFileType = folder.assetcatalog; path = Assets.xcassets; sourceTree = "<group>"; };
		1412CBF42B5B079000D69317 /* Preview Assets.xcassets */ = {isa = PBXFileReference; lastKnownFileType = folder.assetcatalog; path = "Preview Assets.xcassets"; sourceTree = "<group>"; };
		1412CC012B5DD9D000D69317 /* OnboardingView.swift */ = {isa = PBXFileReference; lastKnownFileType = sourcecode.swift; path = OnboardingView.swift; sourceTree = "<group>"; };
		1412CC032B5DDA2D00D69317 /* Constants.swift */ = {isa = PBXFileReference; lastKnownFileType = sourcecode.swift; path = Constants.swift; sourceTree = "<group>"; };
		1412CC082B5E591600D69317 /* HomeView.swift */ = {isa = PBXFileReference; lastKnownFileType = sourcecode.swift; path = HomeView.swift; sourceTree = "<group>"; };
		1412CC0A2B5E591E00D69317 /* MenuView.swift */ = {isa = PBXFileReference; lastKnownFileType = sourcecode.swift; path = MenuView.swift; sourceTree = "<group>"; };
		1412CC0C2B5E592500D69317 /* WalletView.swift */ = {isa = PBXFileReference; lastKnownFileType = sourcecode.swift; path = WalletView.swift; sourceTree = "<group>"; };
		1412CC0E2B5E592C00D69317 /* AccountView.swift */ = {isa = PBXFileReference; lastKnownFileType = sourcecode.swift; path = AccountView.swift; sourceTree = "<group>"; };
		1412CC2C2B69C15C00D69317 /* OnboardingPageView.swift */ = {isa = PBXFileReference; lastKnownFileType = sourcecode.swift; path = OnboardingPageView.swift; sourceTree = "<group>"; };
		1412CC2E2B69CAE100D69317 /* PaginationIndexDisplay.swift */ = {isa = PBXFileReference; lastKnownFileType = sourcecode.swift; path = PaginationIndexDisplay.swift; sourceTree = "<group>"; };
		1412CC342B6BDEA300D69317 /* AnimationModifiers.swift */ = {isa = PBXFileReference; lastKnownFileType = sourcecode.swift; path = AnimationModifiers.swift; sourceTree = "<group>"; };
		1412CC362B6C650E00D69317 /* ViewModifiers.swift */ = {isa = PBXFileReference; lastKnownFileType = sourcecode.swift; path = ViewModifiers.swift; sourceTree = "<group>"; };
		14244A112B70592500EF0466 /* News.swift */ = {isa = PBXFileReference; lastKnownFileType = sourcecode.swift; path = News.swift; sourceTree = "<group>"; };
		14244A132B70653800EF0466 /* HomeCardView.swift */ = {isa = PBXFileReference; lastKnownFileType = sourcecode.swift; path = HomeCardView.swift; sourceTree = "<group>"; };
		14244A162B71842E00EF0466 /* CircularLoader.swift */ = {isa = PBXFileReference; lastKnownFileType = sourcecode.swift; path = CircularLoader.swift; sourceTree = "<group>"; };
		14244A322B71897F00EF0466 /* IconButton.swift */ = {isa = PBXFileReference; lastKnownFileType = sourcecode.swift; path = IconButton.swift; sourceTree = "<group>"; };
/* End PBXFileReference section */

/* Begin PBXFrameworksBuildPhase section */
		1412CBE72B5B078F00D69317 /* Frameworks */ = {
			isa = PBXFrameworksBuildPhase;
			buildActionMask = 2147483647;
			files = (
			);
			runOnlyForDeploymentPostprocessing = 0;
		};
/* End PBXFrameworksBuildPhase section */

/* Begin PBXGroup section */
		1412CBE12B5B078F00D69317 = {
			isa = PBXGroup;
			children = (
				1412CBEC2B5B078F00D69317 /* Protein Lab */,
				1412CBEB2B5B078F00D69317 /* Products */,
			);
			sourceTree = "<group>";
		};
		1412CBEB2B5B078F00D69317 /* Products */ = {
			isa = PBXGroup;
			children = (
				1412CBEA2B5B078F00D69317 /* Protein Lab.app */,
			);
			name = Products;
			sourceTree = "<group>";
		};
		1412CBEC2B5B078F00D69317 /* Protein Lab */ = {
			isa = PBXGroup;
			children = (
				1412CBED2B5B078F00D69317 /* Protein_LabApp.swift */,
				1412CBFE2B5BDEAF00D69317 /* Models */,
				1412CBFB2B5BDD2000D69317 /* Views */,
				1412CBFF2B5BDEB900D69317 /* ViewModels */,
				1412CC002B5BDEE800D69317 /* Utils */,
				1412CBF12B5B079000D69317 /* Assets.xcassets */,
				1412CBF32B5B079000D69317 /* Preview Content */,
			);
			path = "Protein Lab";
			sourceTree = "<group>";
		};
		1412CBF32B5B079000D69317 /* Preview Content */ = {
			isa = PBXGroup;
			children = (
				1412CBF42B5B079000D69317 /* Preview Assets.xcassets */,
			);
			path = "Preview Content";
			sourceTree = "<group>";
		};
		1412CBFB2B5BDD2000D69317 /* Views */ = {
			isa = PBXGroup;
			children = (
				1412CBEF2B5B078F00D69317 /* ContentView.swift */,
				1412CBFC2B5BDDC400D69317 /* Onboarding View */,
				1412CBFD2B5BDDD500D69317 /* Home View */,
				1412CC052B5E58B300D69317 /* Menu View */,
				1412CC062B5E58E500D69317 /* Wallet View */,
				1412CC072B5E590100D69317 /* Account View */,
				1412CC332B6BDE7900D69317 /* ViewModifiers */,
			);
			path = Views;
			sourceTree = "<group>";
		};
		1412CBFC2B5BDDC400D69317 /* Onboarding View */ = {
			isa = PBXGroup;
			children = (
				1412CC012B5DD9D000D69317 /* OnboardingView.swift */,
				1412CC302B69CFE000D69317 /* Components */,
			);
			path = "Onboarding View";
			sourceTree = "<group>";
		};
		1412CBFD2B5BDDD500D69317 /* Home View */ = {
			isa = PBXGroup;
			children = (
				1412CC082B5E591600D69317 /* HomeView.swift */,
				14244A152B71841A00EF0466 /* Components */,
			);
			path = "Home View";
			sourceTree = "<group>";
		};
		1412CBFE2B5BDEAF00D69317 /* Models */ = {
			isa = PBXGroup;
			children = (
				14244A112B70592500EF0466 /* News.swift */,
			);
			path = Models;
			sourceTree = "<group>";
		};
		1412CBFF2B5BDEB900D69317 /* ViewModels */ = {
			isa = PBXGroup;
			children = (
			);
			path = ViewModels;
			sourceTree = "<group>";
		};
		1412CC002B5BDEE800D69317 /* Utils */ = {
			isa = PBXGroup;
			children = (
				1412CC032B5DDA2D00D69317 /* Constants.swift */,
			);
			path = Utils;
			sourceTree = "<group>";
		};
		1412CC052B5E58B300D69317 /* Menu View */ = {
			isa = PBXGroup;
			children = (
				1412CC0A2B5E591E00D69317 /* MenuView.swift */,
			);
			path = "Menu View";
			sourceTree = "<group>";
		};
		1412CC062B5E58E500D69317 /* Wallet View */ = {
			isa = PBXGroup;
			children = (
				1412CC0C2B5E592500D69317 /* WalletView.swift */,
			);
			path = "Wallet View";
			sourceTree = "<group>";
		};
		1412CC072B5E590100D69317 /* Account View */ = {
			isa = PBXGroup;
			children = (
				1412CC0E2B5E592C00D69317 /* AccountView.swift */,
			);
			path = "Account View";
			sourceTree = "<group>";
		};
		1412CC302B69CFE000D69317 /* Components */ = {
			isa = PBXGroup;
			children = (
				1412CC2C2B69C15C00D69317 /* OnboardingPageView.swift */,
				1412CC2E2B69CAE100D69317 /* PaginationIndexDisplay.swift */,
			);
			path = Components;
			sourceTree = "<group>";
		};
		1412CC332B6BDE7900D69317 /* ViewModifiers */ = {
			isa = PBXGroup;
			children = (
				1412CC342B6BDEA300D69317 /* AnimationModifiers.swift */,
				1412CC362B6C650E00D69317 /* ViewModifiers.swift */,
			);
			path = ViewModifiers;
			sourceTree = "<group>";
		};
		14244A152B71841A00EF0466 /* Components */ = {
			isa = PBXGroup;
			children = (
				14244A132B70653800EF0466 /* HomeCardView.swift */,
				14244A162B71842E00EF0466 /* CircularLoader.swift */,
				14244A322B71897F00EF0466 /* IconButton.swift */,
			);
			path = Components;
			sourceTree = "<group>";
		};
/* End PBXGroup section */

/* Begin PBXNativeTarget section */
		1412CBE92B5B078F00D69317 /* Protein Lab */ = {
			isa = PBXNativeTarget;
			buildConfigurationList = 1412CBF82B5B079000D69317 /* Build configuration list for PBXNativeTarget "Protein Lab" */;
			buildPhases = (
				1412CBE62B5B078F00D69317 /* Sources */,
				1412CBE72B5B078F00D69317 /* Frameworks */,
				1412CBE82B5B078F00D69317 /* Resources */,
			);
			buildRules = (
			);
			dependencies = (
			);
			name = "Protein Lab";
			productName = "Protein Lab";
			productReference = 1412CBEA2B5B078F00D69317 /* Protein Lab.app */;
			productType = "com.apple.product-type.application";
		};
/* End PBXNativeTarget section */

/* Begin PBXProject section */
		1412CBE22B5B078F00D69317 /* Project object */ = {
			isa = PBXProject;
			attributes = {
				BuildIndependentTargetsInParallel = 1;
				LastSwiftUpdateCheck = 1500;
				LastUpgradeCheck = 1500;
				TargetAttributes = {
					1412CBE92B5B078F00D69317 = {
						CreatedOnToolsVersion = 15.0;
					};
				};
			};
			buildConfigurationList = 1412CBE52B5B078F00D69317 /* Build configuration list for PBXProject "Protein Lab" */;
			compatibilityVersion = "Xcode 14.0";
			developmentRegion = en;
			hasScannedForEncodings = 0;
			knownRegions = (
				en,
				Base,
			);
			mainGroup = 1412CBE12B5B078F00D69317;
			productRefGroup = 1412CBEB2B5B078F00D69317 /* Products */;
			projectDirPath = "";
			projectRoot = "";
			targets = (
				1412CBE92B5B078F00D69317 /* Protein Lab */,
			);
		};
/* End PBXProject section */

/* Begin PBXResourcesBuildPhase section */
		1412CBE82B5B078F00D69317 /* Resources */ = {
			isa = PBXResourcesBuildPhase;
			buildActionMask = 2147483647;
			files = (
				1412CBF52B5B079000D69317 /* Preview Assets.xcassets in Resources */,
				1412CBF22B5B079000D69317 /* Assets.xcassets in Resources */,
			);
			runOnlyForDeploymentPostprocessing = 0;
		};
/* End PBXResourcesBuildPhase section */

/* Begin PBXSourcesBuildPhase section */
		1412CBE62B5B078F00D69317 /* Sources */ = {
			isa = PBXSourcesBuildPhase;
			buildActionMask = 2147483647;
			files = (
				14244A332B71897F00EF0466 /* IconButton.swift in Sources */,
				1412CBF02B5B078F00D69317 /* ContentView.swift in Sources */,
				1412CC0B2B5E591E00D69317 /* MenuView.swift in Sources */,
				14244A172B71842E00EF0466 /* CircularLoader.swift in Sources */,
				1412CC022B5DD9D000D69317 /* OnboardingView.swift in Sources */,
				1412CC372B6C650E00D69317 /* ViewModifiers.swift in Sources */,
				1412CC2F2B69CAE100D69317 /* PaginationIndexDisplay.swift in Sources */,
				1412CC0D2B5E592500D69317 /* WalletView.swift in Sources */,
				1412CC0F2B5E592C00D69317 /* AccountView.swift in Sources */,
				14244A142B70653800EF0466 /* HomeCardView.swift in Sources */,
				1412CBEE2B5B078F00D69317 /* Protein_LabApp.swift in Sources */,
				1412CC2D2B69C15C00D69317 /* OnboardingPageView.swift in Sources */,
				1412CC092B5E591600D69317 /* HomeView.swift in Sources */,
				1412CC352B6BDEA300D69317 /* AnimationModifiers.swift in Sources */,
				14244A122B70592500EF0466 /* News.swift in Sources */,
				1412CC042B5DDA2D00D69317 /* Constants.swift in Sources */,
			);
			runOnlyForDeploymentPostprocessing = 0;
		};
/* End PBXSourcesBuildPhase section */

/* Begin XCBuildConfiguration section */
		1412CBF62B5B079000D69317 /* Debug */ = {
			isa = XCBuildConfiguration;
			buildSettings = {
				ALWAYS_SEARCH_USER_PATHS = NO;
				ASSETCATALOG_COMPILER_GENERATE_SWIFT_ASSET_SYMBOL_EXTENSIONS = YES;
				CLANG_ANALYZER_NONNULL = YES;
				CLANG_ANALYZER_NUMBER_OBJECT_CONVERSION = YES_AGGRESSIVE;
				CLANG_CXX_LANGUAGE_STANDARD = "gnu++20";
				CLANG_ENABLE_MODULES = YES;
				CLANG_ENABLE_OBJC_ARC = YES;
				CLANG_ENABLE_OBJC_WEAK = YES;
				CLANG_WARN_BLOCK_CAPTURE_AUTORELEASING = YES;
				CLANG_WARN_BOOL_CONVERSION = YES;
				CLANG_WARN_COMMA = YES;
				CLANG_WARN_CONSTANT_CONVERSION = YES;
				CLANG_WARN_DEPRECATED_OBJC_IMPLEMENTATIONS = YES;
				CLANG_WARN_DIRECT_OBJC_ISA_USAGE = YES_ERROR;
				CLANG_WARN_DOCUMENTATION_COMMENTS = YES;
				CLANG_WARN_EMPTY_BODY = YES;
				CLANG_WARN_ENUM_CONVERSION = YES;
				CLANG_WARN_INFINITE_RECURSION = YES;
				CLANG_WARN_INT_CONVERSION = YES;
				CLANG_WARN_NON_LITERAL_NULL_CONVERSION = YES;
				CLANG_WARN_OBJC_IMPLICIT_RETAIN_SELF = YES;
				CLANG_WARN_OBJC_LITERAL_CONVERSION = YES;
				CLANG_WARN_OBJC_ROOT_CLASS = YES_ERROR;
				CLANG_WARN_QUOTED_INCLUDE_IN_FRAMEWORK_HEADER = YES;
				CLANG_WARN_RANGE_LOOP_ANALYSIS = YES;
				CLANG_WARN_STRICT_PROTOTYPES = YES;
				CLANG_WARN_SUSPICIOUS_MOVE = YES;
				CLANG_WARN_UNGUARDED_AVAILABILITY = YES_AGGRESSIVE;
				CLANG_WARN_UNREACHABLE_CODE = YES;
				CLANG_WARN__DUPLICATE_METHOD_MATCH = YES;
				COPY_PHASE_STRIP = NO;
				DEBUG_INFORMATION_FORMAT = dwarf;
				ENABLE_STRICT_OBJC_MSGSEND = YES;
				ENABLE_TESTABILITY = YES;
				ENABLE_USER_SCRIPT_SANDBOXING = YES;
				GCC_C_LANGUAGE_STANDARD = gnu17;
				GCC_DYNAMIC_NO_PIC = NO;
				GCC_NO_COMMON_BLOCKS = YES;
				GCC_OPTIMIZATION_LEVEL = 0;
				GCC_PREPROCESSOR_DEFINITIONS = (
					"DEBUG=1",
					"$(inherited)",
				);
				GCC_WARN_64_TO_32_BIT_CONVERSION = YES;
				GCC_WARN_ABOUT_RETURN_TYPE = YES_ERROR;
				GCC_WARN_UNDECLARED_SELECTOR = YES;
				GCC_WARN_UNINITIALIZED_AUTOS = YES_AGGRESSIVE;
				GCC_WARN_UNUSED_FUNCTION = YES;
				GCC_WARN_UNUSED_VARIABLE = YES;
				IPHONEOS_DEPLOYMENT_TARGET = 17.0;
				LOCALIZATION_PREFERS_STRING_CATALOGS = YES;
				MTL_ENABLE_DEBUG_INFO = INCLUDE_SOURCE;
				MTL_FAST_MATH = YES;
				ONLY_ACTIVE_ARCH = YES;
				SDKROOT = iphoneos;
				SWIFT_ACTIVE_COMPILATION_CONDITIONS = "DEBUG $(inherited)";
				SWIFT_OPTIMIZATION_LEVEL = "-Onone";
			};
			name = Debug;
		};
		1412CBF72B5B079000D69317 /* Release */ = {
			isa = XCBuildConfiguration;
			buildSettings = {
				ALWAYS_SEARCH_USER_PATHS = NO;
				ASSETCATALOG_COMPILER_GENERATE_SWIFT_ASSET_SYMBOL_EXTENSIONS = YES;
				CLANG_ANALYZER_NONNULL = YES;
				CLANG_ANALYZER_NUMBER_OBJECT_CONVERSION = YES_AGGRESSIVE;
				CLANG_CXX_LANGUAGE_STANDARD = "gnu++20";
				CLANG_ENABLE_MODULES = YES;
				CLANG_ENABLE_OBJC_ARC = YES;
				CLANG_ENABLE_OBJC_WEAK = YES;
				CLANG_WARN_BLOCK_CAPTURE_AUTORELEASING = YES;
				CLANG_WARN_BOOL_CONVERSION = YES;
				CLANG_WARN_COMMA = YES;
				CLANG_WARN_CONSTANT_CONVERSION = YES;
				CLANG_WARN_DEPRECATED_OBJC_IMPLEMENTATIONS = YES;
				CLANG_WARN_DIRECT_OBJC_ISA_USAGE = YES_ERROR;
				CLANG_WARN_DOCUMENTATION_COMMENTS = YES;
				CLANG_WARN_EMPTY_BODY = YES;
				CLANG_WARN_ENUM_CONVERSION = YES;
				CLANG_WARN_INFINITE_RECURSION = YES;
				CLANG_WARN_INT_CONVERSION = YES;
				CLANG_WARN_NON_LITERAL_NULL_CONVERSION = YES;
				CLANG_WARN_OBJC_IMPLICIT_RETAIN_SELF = YES;
				CLANG_WARN_OBJC_LITERAL_CONVERSION = YES;
				CLANG_WARN_OBJC_ROOT_CLASS = YES_ERROR;
				CLANG_WARN_QUOTED_INCLUDE_IN_FRAMEWORK_HEADER = YES;
				CLANG_WARN_RANGE_LOOP_ANALYSIS = YES;
				CLANG_WARN_STRICT_PROTOTYPES = YES;
				CLANG_WARN_SUSPICIOUS_MOVE = YES;
				CLANG_WARN_UNGUARDED_AVAILABILITY = YES_AGGRESSIVE;
				CLANG_WARN_UNREACHABLE_CODE = YES;
				CLANG_WARN__DUPLICATE_METHOD_MATCH = YES;
				COPY_PHASE_STRIP = NO;
				DEBUG_INFORMATION_FORMAT = "dwarf-with-dsym";
				ENABLE_NS_ASSERTIONS = NO;
				ENABLE_STRICT_OBJC_MSGSEND = YES;
				ENABLE_USER_SCRIPT_SANDBOXING = YES;
				GCC_C_LANGUAGE_STANDARD = gnu17;
				GCC_NO_COMMON_BLOCKS = YES;
				GCC_WARN_64_TO_32_BIT_CONVERSION = YES;
				GCC_WARN_ABOUT_RETURN_TYPE = YES_ERROR;
				GCC_WARN_UNDECLARED_SELECTOR = YES;
				GCC_WARN_UNINITIALIZED_AUTOS = YES_AGGRESSIVE;
				GCC_WARN_UNUSED_FUNCTION = YES;
				GCC_WARN_UNUSED_VARIABLE = YES;
				IPHONEOS_DEPLOYMENT_TARGET = 17.0;
				LOCALIZATION_PREFERS_STRING_CATALOGS = YES;
				MTL_ENABLE_DEBUG_INFO = NO;
				MTL_FAST_MATH = YES;
				SDKROOT = iphoneos;
				SWIFT_COMPILATION_MODE = wholemodule;
				VALIDATE_PRODUCT = YES;
			};
			name = Release;
		};
		1412CBF92B5B079000D69317 /* Debug */ = {
			isa = XCBuildConfiguration;
			buildSettings = {
				ASSETCATALOG_COMPILER_APPICON_NAME = AppIcon;
				ASSETCATALOG_COMPILER_GLOBAL_ACCENT_COLOR_NAME = AccentColor;
				CODE_SIGN_STYLE = Automatic;
				CURRENT_PROJECT_VERSION = 1;
				DEVELOPMENT_ASSET_PATHS = "\"Protein Lab/Preview Content\"";
				ENABLE_PREVIEWS = YES;
				GENERATE_INFOPLIST_FILE = YES;
				INFOPLIST_KEY_UIApplicationSceneManifest_Generation = YES;
				INFOPLIST_KEY_UIApplicationSupportsIndirectInputEvents = YES;
				INFOPLIST_KEY_UILaunchScreen_Generation = YES;
				INFOPLIST_KEY_UISupportedInterfaceOrientations_iPad = "UIInterfaceOrientationPortrait UIInterfaceOrientationPortraitUpsideDown UIInterfaceOrientationLandscapeLeft UIInterfaceOrientationLandscapeRight";
				INFOPLIST_KEY_UISupportedInterfaceOrientations_iPhone = "UIInterfaceOrientationPortrait UIInterfaceOrientationLandscapeLeft UIInterfaceOrientationLandscapeRight";
				LD_RUNPATH_SEARCH_PATHS = (
					"$(inherited)",
					"@executable_path/Frameworks",
				);
				MARKETING_VERSION = 1.0;
				PRODUCT_BUNDLE_IDENTIFIER = "com.vikingskullapps.Protein-Lab";
				PRODUCT_NAME = "$(TARGET_NAME)";
				SWIFT_EMIT_LOC_STRINGS = YES;
				SWIFT_VERSION = 5.0;
				TARGETED_DEVICE_FAMILY = "1,2";
			};
			name = Debug;
		};
		1412CBFA2B5B079000D69317 /* Release */ = {
			isa = XCBuildConfiguration;
			buildSettings = {
				ASSETCATALOG_COMPILER_APPICON_NAME = AppIcon;
				ASSETCATALOG_COMPILER_GLOBAL_ACCENT_COLOR_NAME = AccentColor;
				CODE_SIGN_STYLE = Automatic;
				CURRENT_PROJECT_VERSION = 1;
				DEVELOPMENT_ASSET_PATHS = "\"Protein Lab/Preview Content\"";
				ENABLE_PREVIEWS = YES;
				GENERATE_INFOPLIST_FILE = YES;
				INFOPLIST_KEY_UIApplicationSceneManifest_Generation = YES;
				INFOPLIST_KEY_UIApplicationSupportsIndirectInputEvents = YES;
				INFOPLIST_KEY_UILaunchScreen_Generation = YES;
				INFOPLIST_KEY_UISupportedInterfaceOrientations_iPad = "UIInterfaceOrientationPortrait UIInterfaceOrientationPortraitUpsideDown UIInterfaceOrientationLandscapeLeft UIInterfaceOrientationLandscapeRight";
				INFOPLIST_KEY_UISupportedInterfaceOrientations_iPhone = "UIInterfaceOrientationPortrait UIInterfaceOrientationLandscapeLeft UIInterfaceOrientationLandscapeRight";
				LD_RUNPATH_SEARCH_PATHS = (
					"$(inherited)",
					"@executable_path/Frameworks",
				);
				MARKETING_VERSION = 1.0;
				PRODUCT_BUNDLE_IDENTIFIER = "com.vikingskullapps.Protein-Lab";
				PRODUCT_NAME = "$(TARGET_NAME)";
				SWIFT_EMIT_LOC_STRINGS = YES;
				SWIFT_VERSION = 5.0;
				TARGETED_DEVICE_FAMILY = "1,2";
			};
			name = Release;
		};
/* End XCBuildConfiguration section */

/* Begin XCConfigurationList section */
		1412CBE52B5B078F00D69317 /* Build configuration list for PBXProject "Protein Lab" */ = {
			isa = XCConfigurationList;
			buildConfigurations = (
				1412CBF62B5B079000D69317 /* Debug */,
				1412CBF72B5B079000D69317 /* Release */,
			);
			defaultConfigurationIsVisible = 0;
			defaultConfigurationName = Release;
		};
		1412CBF82B5B079000D69317 /* Build configuration list for PBXNativeTarget "Protein Lab" */ = {
			isa = XCConfigurationList;
			buildConfigurations = (
				1412CBF92B5B079000D69317 /* Debug */,
				1412CBFA2B5B079000D69317 /* Release */,
			);
			defaultConfigurationIsVisible = 0;
			defaultConfigurationName = Release;
		};
/* End XCConfigurationList section */
	};
	rootObject = 1412CBE22B5B078F00D69317 /* Project object */;
}
